# This file was autogenerated by Stack.
# You should not edit this file by hand.
# For more information, please see the documentation at:
#   https://docs.haskellstack.org/en/stable/lock_files

packages:
- completed:
    hackage: modular-arithmetic-2.0.0.1@sha256:afc4fc1f503cf0e21eee9eec1b433d010603aadccf9d6590287a175bdc8cfb1b,1606
    pantry-tree:
      size: 383
      sha256: d6ed2dcf3d49c4cd8f72b6e965dec2e47ab1361ad9795ecc952de941396a0f0f
  original:
    hackage: modular-arithmetic-2.0.0.1@sha256:afc4fc1f503cf0e21eee9eec1b433d010603aadccf9d6590287a175bdc8cfb1b,1606
- completed:
    hackage: typelits-witnesses-0.4.0.0@sha256:1d7092ba98fdc33f4b413e04144eb3ead7b105f74b2998e3c74a8a0feee685a9,1985
    pantry-tree:
      size: 403
      sha256: 2ee741f6bb4dba710e6449da335fdcf8940adb767798b29fdb8ae2606d22e0cb
  original:
    hackage: typelits-witnesses-0.4.0.0@sha256:1d7092ba98fdc33f4b413e04144eb3ead7b105f74b2998e3c74a8a0feee685a9,1985
- completed:
    subdir: dependent-sum
    name: dependent-sum
    version: 0.7.1.0
    git: git@github.com:sullyj3/dependent-sum.git
    pantry-tree:
      size: 290
      sha256: 92587bbf76f92701e77e287e3bd730560345801279e7307ba59e9563019df7d0
    commit: 3139b19f5640b4581ffdec7f7991ef19117ab521
  original:
    subdir: dependent-sum
    git: git@github.com:sullyj3/dependent-sum.git
    commit: 3139b19f5640b4581ffdec7f7991ef19117ab521
- completed:
    name: motif
    version: 0.1.0.0
    git: git@github.com:sullyj3/motif.git
    pantry-tree:
      size: 296
      sha256: c2f9dd7344edbb6ce807619a7519a87633189a092df1cf5143ee4dbcf7cdba78
    commit: eaa5669c2b2633575d934dffe1369c9d0196059a
  original:
    git: git@github.com:sullyj3/motif.git
    commit: eaa5669c2b2633575d934dffe1369c9d0196059a
snapshots:
- completed:
    size: 596812
    url: https://raw.githubusercontent.com/commercialhaskell/stackage-snapshots/master/nightly/2021/11/19.yaml
    sha256: d4ebfabe1a2cc08a1521073ab0c9fd00036350518bfdd148ea7316690f39504d
  original: nightly-2021-11-19
